
Microsoft Visual Studio Solution File, Format Version 12.00
# Visual Studio Version 17
VisualStudioVersion = 17.3.32929.385
MinimumVisualStudioVersion = 10.0.40219.1
Project("{FAE04EC0-301F-11D3-BF4B-00C04F79EFBC}") = "ConsoleAppPrincipal", "ConsoleAppPrincipal\ConsoleAppPrincipal.csproj", "{B04615DA-64EB-48CC-9737-80B5C019AF0A}"
EndProject
Project("{FAE04EC0-301F-11D3-BF4B-00C04F79EFBC}") = "Models", "Models\Models.csproj", "{80881318-8F70-414A-8DBC-5CCF91FCC360}"
EndProject
Global
	GlobalSection(SolutionConfigurationPlatforms) = preSolution
		Debug|Any CPU = Debug|Any CPU
		Release|Any CPU = Release|Any CPU
	EndGlobalSection
	GlobalSection(ProjectConfigurationPlatforms) = postSolution
		{B04615DA-64EB-48CC-9737-80B5C019AF0A}.Debug|Any CPU.ActiveCfg = Debug|Any CPU
		{B04615DA-64EB-48CC-9737-80B5C019AF0A}.Debug|Any CPU.Build.0 = Debug|Any CPU
		{B04615DA-64EB-48CC-9737-80B5C019AF0A}.Release|Any CPU.ActiveCfg = Release|Any CPU
		{B04615DA-64EB-48CC-9737-80B5C019AF0A}.Release|Any CPU.Build.0 = Release|Any CPU
		{80881318-8F70-414A-8DBC-5CCF91FCC360}.Debug|Any CPU.ActiveCfg = Debug|Any CPU
		{80881318-8F70-414A-8DBC-5CCF91FCC360}.Debug|Any CPU.Build.0 = Debug|Any CPU
		{80881318-8F70-414A-8DBC-5CCF91FCC360}.Release|Any CPU.ActiveCfg = Release|Any CPU
		{80881318-8F70-414A-8DBC-5CCF91FCC360}.Release|Any CPU.Build.0 = Release|Any CPU
	EndGlobalSection
	GlobalSection(SolutionProperties) = preSolution
		HideSolutionNode = FALSE
	EndGlobalSection
	GlobalSection(ExtensibilityGlobals) = postSolution
		SolutionGuid = {BA61338C-4DB1-4946-BF8B-3D02F8EEB96E}
	EndGlobalSection
EndGlobal
